
Microsoft Visual Studio Solution File, Format Version 12.00
# Visual Studio 15
VisualStudioVersion = 15.0.28010.2050
MinimumVisualStudioVersion = 10.0.40219.1
Project("{FAE04EC0-301F-11D3-BF4B-00C04F79EFBC}") = "CampionatFussball", "CampionatFussball\CampionatFussball.csproj", "{94632055-FB17-42D8-9F62-3F5128A6A7B8}"
EndProject
Global
	GlobalSection(SolutionConfigurationPlatforms) = preSolution
		Debug|Any CPU = Debug|Any CPU
		Release|Any CPU = Release|Any CPU
	EndGlobalSection
	GlobalSection(ProjectConfigurationPlatforms) = postSolution
		{94632055-FB17-42D8-9F62-3F5128A6A7B8}.Debug|Any CPU.ActiveCfg = Debug|Any CPU
		{94632055-FB17-42D8-9F62-3F5128A6A7B8}.Debug|Any CPU.Build.0 = Debug|Any CPU
		{94632055-FB17-42D8-9F62-3F5128A6A7B8}.Release|Any CPU.ActiveCfg = Release|Any CPU
		{94632055-FB17-42D8-9F62-3F5128A6A7B8}.Release|Any CPU.Build.0 = Release|Any CPU
	EndGlobalSection
	GlobalSection(SolutionProperties) = preSolution
		HideSolutionNode = FALSE
	EndGlobalSection
	GlobalSection(ExtensibilityGlobals) = postSolution
		SolutionGuid = {8342B2F5-EEF7-4A42-A7BC-5CDEF84A0926}
	EndGlobalSection
EndGlobal
